PODS:
  - AppCenter (3.1.0):
    - AppCenter/Analytics (= 3.1.0)
    - AppCenter/Crashes (= 3.1.0)
  - AppCenter/Analytics (3.1.0):
    - AppCenter/Core
  - AppCenter/Core (3.1.0)
  - AppCenter/Crashes (3.1.0):
    - AppCenter/Core

DEPENDENCIES:
  - AppCenter

SPEC REPOS:
  https://github.com/cocoapods/specs.git:
    - AppCenter

SPEC CHECKSUMS:
  AppCenter: a1c30c47b7882a04a615ffa5ab26c007326436d8

PODFILE CHECKSUM: 22ac3de9f858afc4622bcc6ca400c16eeff2bb76

COCOAPODS: 1.7.5
